
Microsoft Visual Studio Solution File, Format Version 12.00
# Visual Studio Version 16
VisualStudioVersion = 16.0.29920.165
MinimumVisualStudioVersion = 10.0.40219.1
Project("{9A19103F-16F7-4668-BE54-9A1E7A4F7556}") = "MessengerServer", "MessengerServer\MessengerServer.csproj", "{5F3287D7-BBB1-45DE-AE60-F8D7D2640A3B}"
EndProject
Project("{9A19103F-16F7-4668-BE54-9A1E7A4F7556}") = "DAL", "DAL\DAL.csproj", "{B9274C41-36BA-47D6-89F3-603227E45CA7}"
EndProject
Project("{FAE04EC0-301F-11D3-BF4B-00C04F79EFBC}") = "BLL", "BLL\BLL.csproj", "{FC62432C-F6AD-4A60-9F3F-1ACB569912C0}"
EndProject
Project("{FAE04EC0-301F-11D3-BF4B-00C04F79EFBC}") = "DTO", "DTO\DTO.csproj", "{F2C433F5-DB1A-4820-B51E-C15E7F838336}"
EndProject
Project("{FAE04EC0-301F-11D3-BF4B-00C04F79EFBC}") = "Contracts", "Contracts\Contracts.csproj", "{A205E650-5A03-4356-9C11-1F3B34DDDB5A}"
EndProject
Project("{FAE04EC0-301F-11D3-BF4B-00C04F79EFBC}") = "Resolver", "Resolver\Resolver.csproj", "{ECE3BEBC-A3DD-4B3D-8305-E7A8162079ED}"
EndProject
Global
	GlobalSection(SolutionConfigurationPlatforms) = preSolution
		Debug|Any CPU = Debug|Any CPU
		Debug|ARM = Debug|ARM
		Debug|ARM64 = Debug|ARM64
		Debug|x64 = Debug|x64
		Debug|x86 = Debug|x86
		Release|Any CPU = Release|Any CPU
		Release|ARM = Release|ARM
		Release|ARM64 = Release|ARM64
		Release|x64 = Release|x64
		Release|x86 = Release|x86
	EndGlobalSection
	GlobalSection(ProjectConfigurationPlatforms) = postSolution
		{5F3287D7-BBB1-45DE-AE60-F8D7D2640A3B}.Debug|Any CPU.ActiveCfg = Debug|Any CPU
		{5F3287D7-BBB1-45DE-AE60-F8D7D2640A3B}.Debug|Any CPU.Build.0 = Debug|Any CPU
		{5F3287D7-BBB1-45DE-AE60-F8D7D2640A3B}.Debug|ARM.ActiveCfg = Debug|Any CPU
		{5F3287D7-BBB1-45DE-AE60-F8D7D2640A3B}.Debug|ARM.Build.0 = Debug|Any CPU
		{5F3287D7-BBB1-45DE-AE60-F8D7D2640A3B}.Debug|ARM64.ActiveCfg = Debug|Any CPU
		{5F3287D7-BBB1-45DE-AE60-F8D7D2640A3B}.Debug|ARM64.Build.0 = Debug|Any CPU
		{5F3287D7-BBB1-45DE-AE60-F8D7D2640A3B}.Debug|x64.ActiveCfg = Debug|Any CPU
		{5F3287D7-BBB1-45DE-AE60-F8D7D2640A3B}.Debug|x64.Build.0 = Debug|Any CPU
		{5F3287D7-BBB1-45DE-AE60-F8D7D2640A3B}.Debug|x86.ActiveCfg = Debug|Any CPU
		{5F3287D7-BBB1-45DE-AE60-F8D7D2640A3B}.Debug|x86.Build.0 = Debug|Any CPU
		{5F3287D7-BBB1-45DE-AE60-F8D7D2640A3B}.Release|Any CPU.ActiveCfg = Release|Any CPU
		{5F3287D7-BBB1-45DE-AE60-F8D7D2640A3B}.Release|Any CPU.Build.0 = Release|Any CPU
		{5F3287D7-BBB1-45DE-AE60-F8D7D2640A3B}.Release|ARM.ActiveCfg = Release|Any CPU
		{5F3287D7-BBB1-45DE-AE60-F8D7D2640A3B}.Release|ARM.Build.0 = Release|Any CPU
		{5F3287D7-BBB1-45DE-AE60-F8D7D2640A3B}.Release|ARM64.ActiveCfg = Release|Any CPU
		{5F3287D7-BBB1-45DE-AE60-F8D7D2640A3B}.Release|ARM64.Build.0 = Release|Any CPU
		{5F3287D7-BBB1-45DE-AE60-F8D7D2640A3B}.Release|x64.ActiveCfg = Release|Any CPU
		{5F3287D7-BBB1-45DE-AE60-F8D7D2640A3B}.Release|x64.Build.0 = Release|Any CPU
		{5F3287D7-BBB1-45DE-AE60-F8D7D2640A3B}.Release|x86.ActiveCfg = Release|Any CPU
		{5F3287D7-BBB1-45DE-AE60-F8D7D2640A3B}.Release|x86.Build.0 = Release|Any CPU
		{B9274C41-36BA-47D6-89F3-603227E45CA7}.Debug|Any CPU.ActiveCfg = Debug|Any CPU
		{B9274C41-36BA-47D6-89F3-603227E45CA7}.Debug|Any CPU.Build.0 = Debug|Any CPU
		{B9274C41-36BA-47D6-89F3-603227E45CA7}.Debug|ARM.ActiveCfg = Debug|Any CPU
		{B9274C41-36BA-47D6-89F3-603227E45CA7}.Debug|ARM.Build.0 = Debug|Any CPU
		{B9274C41-36BA-47D6-89F3-603227E45CA7}.Debug|ARM64.ActiveCfg = Debug|Any CPU
		{B9274C41-36BA-47D6-89F3-603227E45CA7}.Debug|ARM64.Build.0 = Debug|Any CPU
		{B9274C41-36BA-47D6-89F3-603227E45CA7}.Debug|x64.ActiveCfg = Debug|Any CPU
		{B9274C41-36BA-47D6-89F3-603227E45CA7}.Debug|x64.Build.0 = Debug|Any CPU
		{B9274C41-36BA-47D6-89F3-603227E45CA7}.Debug|x86.ActiveCfg = Debug|Any CPU
		{B9274C41-36BA-47D6-89F3-603227E45CA7}.Debug|x86.Build.0 = Debug|Any CPU
		{B9274C41-36BA-47D6-89F3-603227E45CA7}.Release|Any CPU.ActiveCfg = Release|Any CPU
		{B9274C41-36BA-47D6-89F3-603227E45CA7}.Release|Any CPU.Build.0 = Release|Any CPU
		{B9274C41-36BA-47D6-89F3-603227E45CA7}.Release|ARM.ActiveCfg = Release|Any CPU
		{B9274C41-36BA-47D6-89F3-603227E45CA7}.Release|ARM.Build.0 = Release|Any CPU
		{B9274C41-36BA-47D6-89F3-603227E45CA7}.Release|ARM64.ActiveCfg = Release|Any CPU
		{B9274C41-36BA-47D6-89F3-603227E45CA7}.Release|ARM64.Build.0 = Release|Any CPU
		{B9274C41-36BA-47D6-89F3-603227E45CA7}.Release|x64.ActiveCfg = Release|Any CPU
		{B9274C41-36BA-47D6-89F3-603227E45CA7}.Release|x64.Build.0 = Release|Any CPU
		{B9274C41-36BA-47D6-89F3-603227E45CA7}.Release|x86.ActiveCfg = Release|Any CPU
		{B9274C41-36BA-47D6-89F3-603227E45CA7}.Release|x86.Build.0 = Release|Any CPU
		{FC62432C-F6AD-4A60-9F3F-1ACB569912C0}.Debug|Any CPU.ActiveCfg = Debug|Any CPU
		{FC62432C-F6AD-4A60-9F3F-1ACB569912C0}.Debug|Any CPU.Build.0 = Debug|Any CPU
		{FC62432C-F6AD-4A60-9F3F-1ACB569912C0}.Debug|ARM.ActiveCfg = Debug|Any CPU
		{FC62432C-F6AD-4A60-9F3F-1ACB569912C0}.Debug|ARM.Build.0 = Debug|Any CPU
		{FC62432C-F6AD-4A60-9F3F-1ACB569912C0}.Debug|ARM64.ActiveCfg = Debug|Any CPU
		{FC62432C-F6AD-4A60-9F3F-1ACB569912C0}.Debug|ARM64.Build.0 = Debug|Any CPU
		{FC62432C-F6AD-4A60-9F3F-1ACB569912C0}.Debug|x64.ActiveCfg = Debug|Any CPU
		{FC62432C-F6AD-4A60-9F3F-1ACB569912C0}.Debug|x64.Build.0 = Debug|Any CPU
		{FC62432C-F6AD-4A60-9F3F-1ACB569912C0}.Debug|x86.ActiveCfg = Debug|Any CPU
		{FC62432C-F6AD-4A60-9F3F-1ACB569912C0}.Debug|x86.Build.0 = Debug|Any CPU
		{FC62432C-F6AD-4A60-9F3F-1ACB569912C0}.Release|Any CPU.ActiveCfg = Release|Any CPU
		{FC62432C-F6AD-4A60-9F3F-1ACB569912C0}.Release|Any CPU.Build.0 = Release|Any CPU
		{FC62432C-F6AD-4A60-9F3F-1ACB569912C0}.Release|ARM.ActiveCfg = Release|Any CPU
		{FC62432C-F6AD-4A60-9F3F-1ACB569912C0}.Release|ARM.Build.0 = Release|Any CPU
		{FC62432C-F6AD-4A60-9F3F-1ACB569912C0}.Release|ARM64.ActiveCfg = Release|Any CPU
		{FC62432C-F6AD-4A60-9F3F-1ACB569912C0}.Release|ARM64.Build.0 = Release|Any CPU
		{FC62432C-F6AD-4A60-9F3F-1ACB569912C0}.Release|x64.ActiveCfg = Release|Any CPU
		{FC62432C-F6AD-4A60-9F3F-1ACB569912C0}.Release|x64.Build.0 = Release|Any CPU
		{FC62432C-F6AD-4A60-9F3F-1ACB569912C0}.Release|x86.ActiveCfg = Release|Any CPU
		{FC62432C-F6AD-4A60-9F3F-1ACB569912C0}.Release|x86.Build.0 = Release|Any CPU
		{F2C433F5-DB1A-4820-B51E-C15E7F838336}.Debug|Any CPU.ActiveCfg = Debug|Any CPU
		{F2C433F5-DB1A-4820-B51E-C15E7F838336}.Debug|Any CPU.Build.0 = Debug|Any CPU
		{F2C433F5-DB1A-4820-B51E-C15E7F838336}.Debug|ARM.ActiveCfg = Debug|Any CPU
		{F2C433F5-DB1A-4820-B51E-C15E7F838336}.Debug|ARM.Build.0 = Debug|Any CPU
		{F2C433F5-DB1A-4820-B51E-C15E7F838336}.Debug|ARM64.ActiveCfg = Debug|Any CPU
		{F2C433F5-DB1A-4820-B51E-C15E7F838336}.Debug|ARM64.Build.0 = Debug|Any CPU
		{F2C433F5-DB1A-4820-B51E-C15E7F838336}.Debug|x64.ActiveCfg = Debug|Any CPU
		{F2C433F5-DB1A-4820-B51E-C15E7F838336}.Debug|x64.Build.0 = Debug|Any CPU
		{F2C433F5-DB1A-4820-B51E-C15E7F838336}.Debug|x86.ActiveCfg = Debug|Any CPU
		{F2C433F5-DB1A-4820-B51E-C15E7F838336}.Debug|x86.Build.0 = Debug|Any CPU
		{F2C433F5-DB1A-4820-B51E-C15E7F838336}.Release|Any CPU.ActiveCfg = Release|Any CPU
		{F2C433F5-DB1A-4820-B51E-C15E7F838336}.Release|Any CPU.Build.0 = Release|Any CPU
		{F2C433F5-DB1A-4820-B51E-C15E7F838336}.Release|ARM.ActiveCfg = Release|Any CPU
		{F2C433F5-DB1A-4820-B51E-C15E7F838336}.Release|ARM.Build.0 = Release|Any CPU
		{F2C433F5-DB1A-4820-B51E-C15E7F838336}.Release|ARM64.ActiveCfg = Release|Any CPU
		{F2C433F5-DB1A-4820-B51E-C15E7F838336}.Release|ARM64.Build.0 = Release|Any CPU
		{F2C433F5-DB1A-4820-B51E-C15E7F838336}.Release|x64.ActiveCfg = Release|Any CPU
		{F2C433F5-DB1A-4820-B51E-C15E7F838336}.Release|x64.Build.0 = Release|Any CPU
		{F2C433F5-DB1A-4820-B51E-C15E7F838336}.Release|x86.ActiveCfg = Release|Any CPU
		{F2C433F5-DB1A-4820-B51E-C15E7F838336}.Release|x86.Build.0 = Release|Any CPU
		{A205E650-5A03-4356-9C11-1F3B34DDDB5A}.Debug|Any CPU.ActiveCfg = Debug|Any CPU
		{A205E650-5A03-4356-9C11-1F3B34DDDB5A}.Debug|Any CPU.Build.0 = Debug|Any CPU
		{A205E650-5A03-4356-9C11-1F3B34DDDB5A}.Debug|ARM.ActiveCfg = Debug|Any CPU
		{A205E650-5A03-4356-9C11-1F3B34DDDB5A}.Debug|ARM.Build.0 = Debug|Any CPU
		{A205E650-5A03-4356-9C11-1F3B34DDDB5A}.Debug|ARM64.ActiveCfg = Debug|Any CPU
		{A205E650-5A03-4356-9C11-1F3B34DDDB5A}.Debug|ARM64.Build.0 = Debug|Any CPU
		{A205E650-5A03-4356-9C11-1F3B34DDDB5A}.Debug|x64.ActiveCfg = Debug|Any CPU
		{A205E650-5A03-4356-9C11-1F3B34DDDB5A}.Debug|x64.Build.0 = Debug|Any CPU
		{A205E650-5A03-4356-9C11-1F3B34DDDB5A}.Debug|x86.ActiveCfg = Debug|Any CPU
		{A205E650-5A03-4356-9C11-1F3B34DDDB5A}.Debug|x86.Build.0 = Debug|Any CPU
		{A205E650-5A03-4356-9C11-1F3B34DDDB5A}.Release|Any CPU.ActiveCfg = Release|Any CPU
		{A205E650-5A03-4356-9C11-1F3B34DDDB5A}.Release|Any CPU.Build.0 = Release|Any CPU
		{A205E650-5A03-4356-9C11-1F3B34DDDB5A}.Release|ARM.ActiveCfg = Release|Any CPU
		{A205E650-5A03-4356-9C11-1F3B34DDDB5A}.Release|ARM.Build.0 = Release|Any CPU
		{A205E650-5A03-4356-9C11-1F3B34DDDB5A}.Release|ARM64.ActiveCfg = Release|Any CPU
		{A205E650-5A03-4356-9C11-1F3B34DDDB5A}.Release|ARM64.Build.0 = Release|Any CPU
		{A205E650-5A03-4356-9C11-1F3B34DDDB5A}.Release|x64.ActiveCfg = Release|Any CPU
		{A205E650-5A03-4356-9C11-1F3B34DDDB5A}.Release|x64.Build.0 = Release|Any CPU
		{A205E650-5A03-4356-9C11-1F3B34DDDB5A}.Release|x86.ActiveCfg = Release|Any CPU
		{A205E650-5A03-4356-9C11-1F3B34DDDB5A}.Release|x86.Build.0 = Release|Any CPU
		{ECE3BEBC-A3DD-4B3D-8305-E7A8162079ED}.Debug|Any CPU.ActiveCfg = Debug|Any CPU
		{ECE3BEBC-A3DD-4B3D-8305-E7A8162079ED}.Debug|Any CPU.Build.0 = Debug|Any CPU
		{ECE3BEBC-A3DD-4B3D-8305-E7A8162079ED}.Debug|ARM.ActiveCfg = Debug|Any CPU
		{ECE3BEBC-A3DD-4B3D-8305-E7A8162079ED}.Debug|ARM.Build.0 = Debug|Any CPU
		{ECE3BEBC-A3DD-4B3D-8305-E7A8162079ED}.Debug|ARM64.ActiveCfg = Debug|Any CPU
		{ECE3BEBC-A3DD-4B3D-8305-E7A8162079ED}.Debug|ARM64.Build.0 = Debug|Any CPU
		{ECE3BEBC-A3DD-4B3D-8305-E7A8162079ED}.Debug|x64.ActiveCfg = Debug|Any CPU
		{ECE3BEBC-A3DD-4B3D-8305-E7A8162079ED}.Debug|x64.Build.0 = Debug|Any CPU
		{ECE3BEBC-A3DD-4B3D-8305-E7A8162079ED}.Debug|x86.ActiveCfg = Debug|Any CPU
		{ECE3BEBC-A3DD-4B3D-8305-E7A8162079ED}.Debug|x86.Build.0 = Debug|Any CPU
		{ECE3BEBC-A3DD-4B3D-8305-E7A8162079ED}.Release|Any CPU.ActiveCfg = Release|Any CPU
		{ECE3BEBC-A3DD-4B3D-8305-E7A8162079ED}.Release|Any CPU.Build.0 = Release|Any CPU
		{ECE3BEBC-A3DD-4B3D-8305-E7A8162079ED}.Release|ARM.ActiveCfg = Release|Any CPU
		{ECE3BEBC-A3DD-4B3D-8305-E7A8162079ED}.Release|ARM.Build.0 = Release|Any CPU
		{ECE3BEBC-A3DD-4B3D-8305-E7A8162079ED}.Release|ARM64.ActiveCfg = Release|Any CPU
		{ECE3BEBC-A3DD-4B3D-8305-E7A8162079ED}.Release|ARM64.Build.0 = Release|Any CPU
		{ECE3BEBC-A3DD-4B3D-8305-E7A8162079ED}.Release|x64.ActiveCfg = Release|Any CPU
		{ECE3BEBC-A3DD-4B3D-8305-E7A8162079ED}.Release|x64.Build.0 = Release|Any CPU
		{ECE3BEBC-A3DD-4B3D-8305-E7A8162079ED}.Release|x86.ActiveCfg = Release|Any CPU
		{ECE3BEBC-A3DD-4B3D-8305-E7A8162079ED}.Release|x86.Build.0 = Release|Any CPU
	EndGlobalSection
	GlobalSection(SolutionProperties) = preSolution
		HideSolutionNode = FALSE
	EndGlobalSection
	GlobalSection(ExtensibilityGlobals) = postSolution
		SolutionGuid = {B3D20171-3D85-45E7-B188-EE55D84510A1}
	EndGlobalSection
EndGlobal
